{
  "name": "client-auto-versioning",
  "version": "1.0.0",
  "lockfileVersion": 2,
  "requires": true,
  "packages": {
    "": {
      "name": "client-auto-versioning",
      "version": "1.0.0",
      "license": "ISC",
      "dependencies": {
        "automatic-semver-demo": "^3.0.0"
      }
    },
    "node_modules/automatic-semver-demo": {
      "version": "3.0.0",
      "resolved": "https://registry.npmjs.org/automatic-semver-demo/-/automatic-semver-demo-3.0.0.tgz",
      "integrity": "sha512-T9aiTbs8+fP6YuY1Ox/wIPIt5XzceA9Tw2mH6w8WqdzbALK6hLqdoVRHp0EJZFU3iHNaK5+haQA0EL8t1I+7jQ=="
    }
  },
  "dependencies": {
    "automatic-semver-demo": {
      "version": "3.0.0",
      "resolved": "https://registry.npmjs.org/automatic-semver-demo/-/automatic-semver-demo-3.0.0.tgz",
      "integrity": "sha512-T9aiTbs8+fP6YuY1Ox/wIPIt5XzceA9Tw2mH6w8WqdzbALK6hLqdoVRHp0EJZFU3iHNaK5+haQA0EL8t1I+7jQ=="
    }
  }
}
