{
  "name": "client-auto-versioning",
  "version": "1.0.0",
  "lockfileVersion": 2,
  "requires": true,
  "packages": {
    "": {
      "name": "client-auto-versioning",
      "version": "1.0.0",
      "license": "ISC",
      "dependencies": {
        "automatic-semver-demo": "^2.0.0"
      }
    },
    "node_modules/automatic-semver-demo": {
      "version": "2.0.0",
      "resolved": "https://registry.npmjs.org/automatic-semver-demo/-/automatic-semver-demo-2.0.0.tgz",
      "integrity": "sha512-8R7LkkZWOYb9gE3r7Kpkudt+xK+YPCeYYRUv+24n+ztWhguMsaRJdeq6YLUtJYhSGFJBuLUj1nW+toJTieDukw=="
    }
  },
  "dependencies": {
    "automatic-semver-demo": {
      "version": "2.0.0",
      "resolved": "https://registry.npmjs.org/automatic-semver-demo/-/automatic-semver-demo-2.0.0.tgz",
      "integrity": "sha512-8R7LkkZWOYb9gE3r7Kpkudt+xK+YPCeYYRUv+24n+ztWhguMsaRJdeq6YLUtJYhSGFJBuLUj1nW+toJTieDukw=="
    }
  }
}
